
Microsoft Visual Studio Solution File, Format Version 12.00
# Visual Studio Version 17
VisualStudioVersion = 17.5.33516.290
MinimumVisualStudioVersion = 10.0.40219.1
Project("{9A19103F-16F7-4668-BE54-9A1E7A4F7556}") = "MinecraftLauncher", "MinecraftLauncher\MinecraftLauncher.csproj", "{95FAC80E-16C5-435E-A431-04424FB2931D}"
EndProject
Project("{9A19103F-16F7-4668-BE54-9A1E7A4F7556}") = "MinecraftLauncherUniversal", "MinecraftLauncherUniversal\MinecraftLauncherUniversal.csproj", "{DF5ABE03-06AE-4B7C-8131-5BD1F8F93BDD}"
EndProject
Project("{FAE04EC0-301F-11D3-BF4B-00C04F79EFBC}") = "MInecraftLauncherInstaller", "MInecraftLauncherInstaller\MInecraftLauncherInstaller.csproj", "{490A4D09-800E-47A3-B839-85E56090C85D}"
EndProject
Global
	GlobalSection(SolutionConfigurationPlatforms) = preSolution
		Debug|Any CPU = Debug|Any CPU
		Debug|ARM = Debug|ARM
		Debug|ARM64 = Debug|ARM64
		Debug|x64 = Debug|x64
		Debug|x86 = Debug|x86
		Release|Any CPU = Release|Any CPU
		Release|ARM = Release|ARM
		Release|ARM64 = Release|ARM64
		Release|x64 = Release|x64
		Release|x86 = Release|x86
	EndGlobalSection
	GlobalSection(ProjectConfigurationPlatforms) = postSolution
		{95FAC80E-16C5-435E-A431-04424FB2931D}.Debug|Any CPU.ActiveCfg = Debug|Any CPU
		{95FAC80E-16C5-435E-A431-04424FB2931D}.Debug|Any CPU.Build.0 = Debug|Any CPU
		{95FAC80E-16C5-435E-A431-04424FB2931D}.Debug|ARM.ActiveCfg = Debug|Any CPU
		{95FAC80E-16C5-435E-A431-04424FB2931D}.Debug|ARM.Build.0 = Debug|Any CPU
		{95FAC80E-16C5-435E-A431-04424FB2931D}.Debug|ARM64.ActiveCfg = Debug|Any CPU
		{95FAC80E-16C5-435E-A431-04424FB2931D}.Debug|ARM64.Build.0 = Debug|Any CPU
		{95FAC80E-16C5-435E-A431-04424FB2931D}.Debug|x64.ActiveCfg = Debug|Any CPU
		{95FAC80E-16C5-435E-A431-04424FB2931D}.Debug|x64.Build.0 = Debug|Any CPU
		{95FAC80E-16C5-435E-A431-04424FB2931D}.Debug|x86.ActiveCfg = Debug|Any CPU
		{95FAC80E-16C5-435E-A431-04424FB2931D}.Debug|x86.Build.0 = Debug|Any CPU
		{95FAC80E-16C5-435E-A431-04424FB2931D}.Release|Any CPU.ActiveCfg = Release|Any CPU
		{95FAC80E-16C5-435E-A431-04424FB2931D}.Release|Any CPU.Build.0 = Release|Any CPU
		{95FAC80E-16C5-435E-A431-04424FB2931D}.Release|ARM.ActiveCfg = Release|Any CPU
		{95FAC80E-16C5-435E-A431-04424FB2931D}.Release|ARM.Build.0 = Release|Any CPU
		{95FAC80E-16C5-435E-A431-04424FB2931D}.Release|ARM64.ActiveCfg = Release|Any CPU
		{95FAC80E-16C5-435E-A431-04424FB2931D}.Release|ARM64.Build.0 = Release|Any CPU
		{95FAC80E-16C5-435E-A431-04424FB2931D}.Release|x64.ActiveCfg = Release|Any CPU
		{95FAC80E-16C5-435E-A431-04424FB2931D}.Release|x64.Build.0 = Release|Any CPU
		{95FAC80E-16C5-435E-A431-04424FB2931D}.Release|x86.ActiveCfg = Release|Any CPU
		{95FAC80E-16C5-435E-A431-04424FB2931D}.Release|x86.Build.0 = Release|Any CPU
		{DF5ABE03-06AE-4B7C-8131-5BD1F8F93BDD}.Debug|Any CPU.ActiveCfg = Debug|x64
		{DF5ABE03-06AE-4B7C-8131-5BD1F8F93BDD}.Debug|Any CPU.Build.0 = Debug|x64
		{DF5ABE03-06AE-4B7C-8131-5BD1F8F93BDD}.Debug|Any CPU.Deploy.0 = Debug|x64
		{DF5ABE03-06AE-4B7C-8131-5BD1F8F93BDD}.Debug|ARM.ActiveCfg = Debug|x64
		{DF5ABE03-06AE-4B7C-8131-5BD1F8F93BDD}.Debug|ARM.Build.0 = Debug|x64
		{DF5ABE03-06AE-4B7C-8131-5BD1F8F93BDD}.Debug|ARM.Deploy.0 = Debug|x64
		{DF5ABE03-06AE-4B7C-8131-5BD1F8F93BDD}.Debug|ARM64.ActiveCfg = Debug|ARM64
		{DF5ABE03-06AE-4B7C-8131-5BD1F8F93BDD}.Debug|ARM64.Build.0 = Debug|ARM64
		{DF5ABE03-06AE-4B7C-8131-5BD1F8F93BDD}.Debug|ARM64.Deploy.0 = Debug|ARM64
		{DF5ABE03-06AE-4B7C-8131-5BD1F8F93BDD}.Debug|x64.ActiveCfg = Debug|x64
		{DF5ABE03-06AE-4B7C-8131-5BD1F8F93BDD}.Debug|x64.Build.0 = Debug|x64
		{DF5ABE03-06AE-4B7C-8131-5BD1F8F93BDD}.Debug|x64.Deploy.0 = Debug|x64
		{DF5ABE03-06AE-4B7C-8131-5BD1F8F93BDD}.Debug|x86.ActiveCfg = Debug|x86
		{DF5ABE03-06AE-4B7C-8131-5BD1F8F93BDD}.Debug|x86.Build.0 = Debug|x86
		{DF5ABE03-06AE-4B7C-8131-5BD1F8F93BDD}.Debug|x86.Deploy.0 = Debug|x86
		{DF5ABE03-06AE-4B7C-8131-5BD1F8F93BDD}.Release|Any CPU.ActiveCfg = Release|x64
		{DF5ABE03-06AE-4B7C-8131-5BD1F8F93BDD}.Release|Any CPU.Build.0 = Release|x64
		{DF5ABE03-06AE-4B7C-8131-5BD1F8F93BDD}.Release|Any CPU.Deploy.0 = Release|x64
		{DF5ABE03-06AE-4B7C-8131-5BD1F8F93BDD}.Release|ARM.ActiveCfg = Release|x64
		{DF5ABE03-06AE-4B7C-8131-5BD1F8F93BDD}.Release|ARM.Build.0 = Release|x64
		{DF5ABE03-06AE-4B7C-8131-5BD1F8F93BDD}.Release|ARM.Deploy.0 = Release|x64
		{DF5ABE03-06AE-4B7C-8131-5BD1F8F93BDD}.Release|ARM64.ActiveCfg = Release|ARM64
		{DF5ABE03-06AE-4B7C-8131-5BD1F8F93BDD}.Release|ARM64.Build.0 = Release|ARM64
		{DF5ABE03-06AE-4B7C-8131-5BD1F8F93BDD}.Release|ARM64.Deploy.0 = Release|ARM64
		{DF5ABE03-06AE-4B7C-8131-5BD1F8F93BDD}.Release|x64.ActiveCfg = Release|x64
		{DF5ABE03-06AE-4B7C-8131-5BD1F8F93BDD}.Release|x64.Build.0 = Release|x64
		{DF5ABE03-06AE-4B7C-8131-5BD1F8F93BDD}.Release|x64.Deploy.0 = Release|x64
		{DF5ABE03-06AE-4B7C-8131-5BD1F8F93BDD}.Release|x86.ActiveCfg = Release|x86
		{DF5ABE03-06AE-4B7C-8131-5BD1F8F93BDD}.Release|x86.Build.0 = Release|x86
		{DF5ABE03-06AE-4B7C-8131-5BD1F8F93BDD}.Release|x86.Deploy.0 = Release|x86
		{490A4D09-800E-47A3-B839-85E56090C85D}.Debug|Any CPU.ActiveCfg = Debug|x64
		{490A4D09-800E-47A3-B839-85E56090C85D}.Debug|Any CPU.Build.0 = Debug|x64
		{490A4D09-800E-47A3-B839-85E56090C85D}.Debug|Any CPU.Deploy.0 = Debug|x64
		{490A4D09-800E-47A3-B839-85E56090C85D}.Debug|ARM.ActiveCfg = Debug|x64
		{490A4D09-800E-47A3-B839-85E56090C85D}.Debug|ARM.Build.0 = Debug|x64
		{490A4D09-800E-47A3-B839-85E56090C85D}.Debug|ARM.Deploy.0 = Debug|x64
		{490A4D09-800E-47A3-B839-85E56090C85D}.Debug|ARM64.ActiveCfg = Debug|ARM64
		{490A4D09-800E-47A3-B839-85E56090C85D}.Debug|ARM64.Build.0 = Debug|ARM64
		{490A4D09-800E-47A3-B839-85E56090C85D}.Debug|ARM64.Deploy.0 = Debug|ARM64
		{490A4D09-800E-47A3-B839-85E56090C85D}.Debug|x64.ActiveCfg = Debug|x64
		{490A4D09-800E-47A3-B839-85E56090C85D}.Debug|x64.Build.0 = Debug|x64
		{490A4D09-800E-47A3-B839-85E56090C85D}.Debug|x64.Deploy.0 = Debug|x64
		{490A4D09-800E-47A3-B839-85E56090C85D}.Debug|x86.ActiveCfg = Debug|x86
		{490A4D09-800E-47A3-B839-85E56090C85D}.Debug|x86.Build.0 = Debug|x86
		{490A4D09-800E-47A3-B839-85E56090C85D}.Debug|x86.Deploy.0 = Debug|x86
		{490A4D09-800E-47A3-B839-85E56090C85D}.Release|Any CPU.ActiveCfg = Release|x64
		{490A4D09-800E-47A3-B839-85E56090C85D}.Release|Any CPU.Build.0 = Release|x64
		{490A4D09-800E-47A3-B839-85E56090C85D}.Release|Any CPU.Deploy.0 = Release|x64
		{490A4D09-800E-47A3-B839-85E56090C85D}.Release|ARM.ActiveCfg = Release|x64
		{490A4D09-800E-47A3-B839-85E56090C85D}.Release|ARM.Build.0 = Release|x64
		{490A4D09-800E-47A3-B839-85E56090C85D}.Release|ARM.Deploy.0 = Release|x64
		{490A4D09-800E-47A3-B839-85E56090C85D}.Release|ARM64.ActiveCfg = Release|ARM64
		{490A4D09-800E-47A3-B839-85E56090C85D}.Release|ARM64.Build.0 = Release|ARM64
		{490A4D09-800E-47A3-B839-85E56090C85D}.Release|ARM64.Deploy.0 = Release|ARM64
		{490A4D09-800E-47A3-B839-85E56090C85D}.Release|x64.ActiveCfg = Release|x64
		{490A4D09-800E-47A3-B839-85E56090C85D}.Release|x64.Build.0 = Release|x64
		{490A4D09-800E-47A3-B839-85E56090C85D}.Release|x64.Deploy.0 = Release|x64
		{490A4D09-800E-47A3-B839-85E56090C85D}.Release|x86.ActiveCfg = Release|x86
		{490A4D09-800E-47A3-B839-85E56090C85D}.Release|x86.Build.0 = Release|x86
		{490A4D09-800E-47A3-B839-85E56090C85D}.Release|x86.Deploy.0 = Release|x86
	EndGlobalSection
	GlobalSection(SolutionProperties) = preSolution
		HideSolutionNode = FALSE
	EndGlobalSection
	GlobalSection(ExtensibilityGlobals) = postSolution
		SolutionGuid = {1A450871-1B05-4727-8DEE-10EF05288BE9}
	EndGlobalSection
EndGlobal
